
Microsoft Visual Studio Solution File, Format Version 12.00
# Visual Studio Version 17
VisualStudioVersion = 17.0.31903.59
MinimumVisualStudioVersion = 10.0.40219.1
Project("{FAE04EC0-301F-11D3-BF4B-00C04F79EFBC}") = "API", "API\API.csproj", "{1DA4EEAF-0A22-4EFD-B1AD-BEA9F7D0C35E}"
EndProject
Project("{FAE04EC0-301F-11D3-BF4B-00C04F79EFBC}") = "Application", "Application\Application.csproj", "{39FFA0CF-3C05-458F-9CFB-B1404C293A55}"
EndProject
Project("{FAE04EC0-301F-11D3-BF4B-00C04F79EFBC}") = "Persistence", "Persistence\Persistence.csproj", "{A6FAA931-707C-424C-810C-19BDDFD3FC1F}"
EndProject
Project("{FAE04EC0-301F-11D3-BF4B-00C04F79EFBC}") = "Domain", "Domain\Domain.csproj", "{7420E6C4-BA8E-41B6-AFEF-06CB4515D445}"
EndProject
Project("{FAE04EC0-301F-11D3-BF4B-00C04F79EFBC}") = "Infrastructure", "Infrastructure\Infrastructure.csproj", "{411BE5DF-32A5-4EB0-938D-77243B62B401}"
EndProject
Global
	GlobalSection(SolutionConfigurationPlatforms) = preSolution
		Debug|Any CPU = Debug|Any CPU
		Release|Any CPU = Release|Any CPU
	EndGlobalSection
	GlobalSection(SolutionProperties) = preSolution
		HideSolutionNode = FALSE
	EndGlobalSection
	GlobalSection(ProjectConfigurationPlatforms) = postSolution
		{1DA4EEAF-0A22-4EFD-B1AD-BEA9F7D0C35E}.Debug|Any CPU.ActiveCfg = Debug|Any CPU
		{1DA4EEAF-0A22-4EFD-B1AD-BEA9F7D0C35E}.Debug|Any CPU.Build.0 = Debug|Any CPU
		{1DA4EEAF-0A22-4EFD-B1AD-BEA9F7D0C35E}.Release|Any CPU.ActiveCfg = Release|Any CPU
		{1DA4EEAF-0A22-4EFD-B1AD-BEA9F7D0C35E}.Release|Any CPU.Build.0 = Release|Any CPU
		{39FFA0CF-3C05-458F-9CFB-B1404C293A55}.Debug|Any CPU.ActiveCfg = Debug|Any CPU
		{39FFA0CF-3C05-458F-9CFB-B1404C293A55}.Debug|Any CPU.Build.0 = Debug|Any CPU
		{39FFA0CF-3C05-458F-9CFB-B1404C293A55}.Release|Any CPU.ActiveCfg = Release|Any CPU
		{39FFA0CF-3C05-458F-9CFB-B1404C293A55}.Release|Any CPU.Build.0 = Release|Any CPU
		{A6FAA931-707C-424C-810C-19BDDFD3FC1F}.Debug|Any CPU.ActiveCfg = Debug|Any CPU
		{A6FAA931-707C-424C-810C-19BDDFD3FC1F}.Debug|Any CPU.Build.0 = Debug|Any CPU
		{A6FAA931-707C-424C-810C-19BDDFD3FC1F}.Release|Any CPU.ActiveCfg = Release|Any CPU
		{A6FAA931-707C-424C-810C-19BDDFD3FC1F}.Release|Any CPU.Build.0 = Release|Any CPU
		{7420E6C4-BA8E-41B6-AFEF-06CB4515D445}.Debug|Any CPU.ActiveCfg = Debug|Any CPU
		{7420E6C4-BA8E-41B6-AFEF-06CB4515D445}.Debug|Any CPU.Build.0 = Debug|Any CPU
		{7420E6C4-BA8E-41B6-AFEF-06CB4515D445}.Release|Any CPU.ActiveCfg = Release|Any CPU
		{7420E6C4-BA8E-41B6-AFEF-06CB4515D445}.Release|Any CPU.Build.0 = Release|Any CPU
		{411BE5DF-32A5-4EB0-938D-77243B62B401}.Debug|Any CPU.ActiveCfg = Debug|Any CPU
		{411BE5DF-32A5-4EB0-938D-77243B62B401}.Debug|Any CPU.Build.0 = Debug|Any CPU
		{411BE5DF-32A5-4EB0-938D-77243B62B401}.Release|Any CPU.ActiveCfg = Release|Any CPU
		{411BE5DF-32A5-4EB0-938D-77243B62B401}.Release|Any CPU.Build.0 = Release|Any CPU
	EndGlobalSection
EndGlobal
